// !$*UTF8*$!
{
	archiveVersion = 1;
	classes = {
	};
	objectVersion = 46;
	objects = {

/* Begin PBXBuildFile section */
		666D135BBECA564A2D116B61 /* Pods_DWeiBo.framework in Frameworks */ = {isa = PBXBuildFile; fileRef = 0791998FA4302DCC0309F5CA /* Pods_DWeiBo.framework */; };
		7E0D043C20A18582004B69F3 /* NewFeatureViewController.swift in Sources */ = {isa = PBXBuildFile; fileRef = 7E0D043B20A18582004B69F3 /* NewFeatureViewController.swift */; };
		7E0D043E20A1A1A2004B69F3 /* WelcomViewController.swift in Sources */ = {isa = PBXBuildFile; fileRef = 7E0D043D20A1A1A2004B69F3 /* WelcomViewController.swift */; };
		7E1CCEFE20A3E73000B2CC21 /* UIView+AutoLayout.swift in Sources */ = {isa = PBXBuildFile; fileRef = 7E1CCEFC20A3E73000B2CC21 /* UIView+AutoLayout.swift */; };
		7E1CCEFF20A3E73000B2CC21 /* String+Category.swift in Sources */ = {isa = PBXBuildFile; fileRef = 7E1CCEFD20A3E73000B2CC21 /* String+Category.swift */; };
		7E1CCF0120A3E75900B2CC21 /* Date+Category.swift in Sources */ = {isa = PBXBuildFile; fileRef = 7E1CCF0020A3E75900B2CC21 /* Date+Category.swift */; };
		7E3FACCE20A2F3D7002E5317 /* UILabel+Category.swift in Sources */ = {isa = PBXBuildFile; fileRef = 7E3FACCD20A2F3D7002E5317 /* UILabel+Category.swift */; };
		7E3FACD020A2F3E8002E5317 /* UIButton+Category.swift in Sources */ = {isa = PBXBuildFile; fileRef = 7E3FACCF20A2F3E8002E5317 /* UIButton+Category.swift */; };
		7E8EF5E420AC220400F33A74 /* PhotoBrowserViewController.swift in Sources */ = {isa = PBXBuildFile; fileRef = 7E8EF5E320AC220400F33A74 /* PhotoBrowserViewController.swift */; };
		7E8EF5E620AC30B800F33A74 /* PhotoBrowserCell.swift in Sources */ = {isa = PBXBuildFile; fileRef = 7E8EF5E520AC30B800F33A74 /* PhotoBrowserCell.swift */; };
		7EC1B6C81DC1A5F400D39997 /* AppDelegate.swift in Sources */ = {isa = PBXBuildFile; fileRef = 7EC1B6C71DC1A5F400D39997 /* AppDelegate.swift */; };
		7EC1B6CA1DC1A5F400D39997 /* ViewController.swift in Sources */ = {isa = PBXBuildFile; fileRef = 7EC1B6C91DC1A5F400D39997 /* ViewController.swift */; };
		7EC1B6CF1DC1A5F400D39997 /* Assets.xcassets in Resources */ = {isa = PBXBuildFile; fileRef = 7EC1B6CE1DC1A5F400D39997 /* Assets.xcassets */; };
		7EC1B6D21DC1A5F400D39997 /* LaunchScreen.storyboard in Resources */ = {isa = PBXBuildFile; fileRef = 7EC1B6D01DC1A5F400D39997 /* LaunchScreen.storyboard */; };
		7EC1B6DD1DC1A5F400D39997 /* DWeiBoTests.swift in Sources */ = {isa = PBXBuildFile; fileRef = 7EC1B6DC1DC1A5F400D39997 /* DWeiBoTests.swift */; };
		7EC1B6E81DC1A5F400D39997 /* DWeiBoUITests.swift in Sources */ = {isa = PBXBuildFile; fileRef = 7EC1B6E71DC1A5F400D39997 /* DWeiBoUITests.swift */; };
		7EC1B6FE1DC1A7EA00D39997 /* MainViewController.swift in Sources */ = {isa = PBXBuildFile; fileRef = 7EC1B6FD1DC1A7EA00D39997 /* MainViewController.swift */; };
		7EC1B7001DC1A84100D39997 /* ProfileTableViewController.swift in Sources */ = {isa = PBXBuildFile; fileRef = 7EC1B6FF1DC1A84100D39997 /* ProfileTableViewController.swift */; };
		7EC1B7021DC1A85300D39997 /* MessageTableViewController.swift in Sources */ = {isa = PBXBuildFile; fileRef = 7EC1B7011DC1A85300D39997 /* MessageTableViewController.swift */; };
		7EC1B7041DC1A86100D39997 /* HomeTableViewController.swift in Sources */ = {isa = PBXBuildFile; fileRef = 7EC1B7031DC1A86100D39997 /* HomeTableViewController.swift */; };
		7EC1B7061DC1A86B00D39997 /* DiscoverTableViewController.swift in Sources */ = {isa = PBXBuildFile; fileRef = 7EC1B7051DC1A86B00D39997 /* DiscoverTableViewController.swift */; };
		7EC1B7091DC1ACDC00D39997 /* NullViewController.swift in Sources */ = {isa = PBXBuildFile; fileRef = 7EC1B7081DC1ACDC00D39997 /* NullViewController.swift */; };
		7EC1B70B1DC1AD0B00D39997 /* MainVCSetting.json in Resources */ = {isa = PBXBuildFile; fileRef = 7EC1B70A1DC1AD0B00D39997 /* MainVCSetting.json */; };
		7ED8249120A04E75001FE12D /* OAuthViewController.swift in Sources */ = {isa = PBXBuildFile; fileRef = 7ED8249020A04E75001FE12D /* OAuthViewController.swift */; };
		7ED8249320A055C1001FE12D /* NetworkTools.swift in Sources */ = {isa = PBXBuildFile; fileRef = 7ED8249220A055C1001FE12D /* NetworkTools.swift */; };
		7ED8249520A05C29001FE12D /* UserAccount.swift in Sources */ = {isa = PBXBuildFile; fileRef = 7ED8249420A05C29001FE12D /* UserAccount.swift */; };
		7EDA0D782092D75F009A8CEC /* UIBarButtonItem+Category.swift in Sources */ = {isa = PBXBuildFile; fileRef = 7EDA0D772092D75F009A8CEC /* UIBarButtonItem+Category.swift */; };
		7EDC452F1DC8918A002F256D /* BaseViewController.swift in Sources */ = {isa = PBXBuildFile; fileRef = 7EDC452E1DC8918A002F256D /* BaseViewController.swift */; };
		7EDC45311DC89264002F256D /* VisitorView.swift in Sources */ = {isa = PBXBuildFile; fileRef = 7EDC45301DC89264002F256D /* VisitorView.swift */; };
		7EE02C0A20AD76700058C4FB /* UIColor+Category.swift in Sources */ = {isa = PBXBuildFile; fileRef = 7EE02C0920AD76700058C4FB /* UIColor+Category.swift */; };
		7EF7AE9520A53069004BB001 /* StatusTableViewCell.swift in Sources */ = {isa = PBXBuildFile; fileRef = 7EF7AE8E20A53068004BB001 /* StatusTableViewCell.swift */; };
		7EF7AE9620A53069004BB001 /* StatusCellBottomView.swift in Sources */ = {isa = PBXBuildFile; fileRef = 7EF7AE8F20A53068004BB001 /* StatusCellBottomView.swift */; };
		7EF7AE9720A53069004BB001 /* StatusCellTopView.swift in Sources */ = {isa = PBXBuildFile; fileRef = 7EF7AE9020A53068004BB001 /* StatusCellTopView.swift */; };
		7EF7AE9820A53069004BB001 /* StatusCellPictureView.swift in Sources */ = {isa = PBXBuildFile; fileRef = 7EF7AE9120A53068004BB001 /* StatusCellPictureView.swift */; };
		7EF7AE9920A53069004BB001 /* User.swift in Sources */ = {isa = PBXBuildFile; fileRef = 7EF7AE9320A53068004BB001 /* User.swift */; };
		7EF7AE9A20A53069004BB001 /* Status.swift in Sources */ = {isa = PBXBuildFile; fileRef = 7EF7AE9420A53068004BB001 /* Status.swift */; };
		7EF7AE9C20A5309A004BB001 /* StatusNormalTableViewCell.swift in Sources */ = {isa = PBXBuildFile; fileRef = 7EF7AE9B20A5309A004BB001 /* StatusNormalTableViewCell.swift */; };
		7EF7AE9E20A530BD004BB001 /* StatusForwardTableViewCell.swift in Sources */ = {isa = PBXBuildFile; fileRef = 7EF7AE9D20A530BD004BB001 /* StatusForwardTableViewCell.swift */; };
/* End PBXBuildFile section */

/* Begin PBXContainerItemProxy section */
		7EC1B6D91DC1A5F400D39997 /* PBXContainerItemProxy */ = {
			isa = PBXContainerItemProxy;
			containerPortal = 7EC1B6BC1DC1A5F400D39997 /* Project object */;
			proxyType = 1;
			remoteGlobalIDString = 7EC1B6C31DC1A5F400D39997;
			remoteInfo = DWeiBo;
		};
		7EC1B6E41DC1A5F400D39997 /* PBXContainerItemProxy */ = {
			isa = PBXContainerItemProxy;
			containerPortal = 7EC1B6BC1DC1A5F400D39997 /* Project object */;
			proxyType = 1;
			remoteGlobalIDString = 7EC1B6C31DC1A5F400D39997;
			remoteInfo = DWeiBo;
		};
/* End PBXContainerItemProxy section */

/* Begin PBXFileReference section */
		0791998FA4302DCC0309F5CA /* Pods_DWeiBo.framework */ = {isa = PBXFileReference; explicitFileType = wrapper.framework; includeInIndex = 0; path = Pods_DWeiBo.framework; sourceTree = BUILT_PRODUCTS_DIR; };
		0BF49B965CA34AE533BC3AE1 /* Pods_DWeiBoUITests.framework */ = {isa = PBXFileReference; explicitFileType = wrapper.framework; includeInIndex = 0; path = Pods_DWeiBoUITests.framework; sourceTree = BUILT_PRODUCTS_DIR; };
		1A23DBFD60DA5BF70604A33E /* Pods-DWeiBo.debug.xcconfig */ = {isa = PBXFileReference; includeInIndex = 1; lastKnownFileType = text.xcconfig; name = "Pods-DWeiBo.debug.xcconfig"; path = "Pods/Target Support Files/Pods-DWeiBo/Pods-DWeiBo.debug.xcconfig"; sourceTree = "<group>"; };
		69F92004D276B664EB3AE838 /* Pods_DWeiBoTests.framework */ = {isa = PBXFileReference; explicitFileType = wrapper.framework; includeInIndex = 0; path = Pods_DWeiBoTests.framework; sourceTree = BUILT_PRODUCTS_DIR; };
		7E0D043B20A18582004B69F3 /* NewFeatureViewController.swift */ = {isa = PBXFileReference; lastKnownFileType = sourcecode.swift; path = NewFeatureViewController.swift; sourceTree = "<group>"; };
		7E0D043D20A1A1A2004B69F3 /* WelcomViewController.swift */ = {isa = PBXFileReference; lastKnownFileType = sourcecode.swift; path = WelcomViewController.swift; sourceTree = "<group>"; };
		7E1CCEFC20A3E73000B2CC21 /* UIView+AutoLayout.swift */ = {isa = PBXFileReference; fileEncoding = 4; lastKnownFileType = sourcecode.swift; path = "UIView+AutoLayout.swift"; sourceTree = "<group>"; };
		7E1CCEFD20A3E73000B2CC21 /* String+Category.swift */ = {isa = PBXFileReference; fileEncoding = 4; lastKnownFileType = sourcecode.swift; path = "String+Category.swift"; sourceTree = "<group>"; };
		7E1CCF0020A3E75900B2CC21 /* Date+Category.swift */ = {isa = PBXFileReference; lastKnownFileType = sourcecode.swift; path = "Date+Category.swift"; sourceTree = "<group>"; };
		7E3FACCD20A2F3D7002E5317 /* UILabel+Category.swift */ = {isa = PBXFileReference; lastKnownFileType = sourcecode.swift; path = "UILabel+Category.swift"; sourceTree = "<group>"; };
		7E3FACCF20A2F3E8002E5317 /* UIButton+Category.swift */ = {isa = PBXFileReference; lastKnownFileType = sourcecode.swift; path = "UIButton+Category.swift"; sourceTree = "<group>"; };
		7E8EF5E320AC220400F33A74 /* PhotoBrowserViewController.swift */ = {isa = PBXFileReference; lastKnownFileType = sourcecode.swift; path = PhotoBrowserViewController.swift; sourceTree = "<group>"; };
		7E8EF5E520AC30B800F33A74 /* PhotoBrowserCell.swift */ = {isa = PBXFileReference; lastKnownFileType = sourcecode.swift; path = PhotoBrowserCell.swift; sourceTree = "<group>"; };
		7EC1B6C41DC1A5F400D39997 /* DWeiBo.app */ = {isa = PBXFileReference; explicitFileType = wrapper.application; includeInIndex = 0; path = DWeiBo.app; sourceTree = BUILT_PRODUCTS_DIR; };
		7EC1B6C71DC1A5F400D39997 /* AppDelegate.swift */ = {isa = PBXFileReference; lastKnownFileType = sourcecode.swift; path = AppDelegate.swift; sourceTree = "<group>"; };
		7EC1B6C91DC1A5F400D39997 /* ViewController.swift */ = {isa = PBXFileReference; lastKnownFileType = sourcecode.swift; path = ViewController.swift; sourceTree = "<group>"; };
		7EC1B6CE1DC1A5F400D39997 /* Assets.xcassets */ = {isa = PBXFileReference; lastKnownFileType = folder.assetcatalog; path = Assets.xcassets; sourceTree = "<group>"; };
		7EC1B6D11DC1A5F400D39997 /* Base */ = {isa = PBXFileReference; lastKnownFileType = file.storyboard; name = Base; path = Base.lproj/LaunchScreen.storyboard; sourceTree = "<group>"; };
		7EC1B6D31DC1A5F400D39997 /* Info.plist */ = {isa = PBXFileReference; lastKnownFileType = text.plist.xml; path = Info.plist; sourceTree = "<group>"; };
		7EC1B6D81DC1A5F400D39997 /* DWeiBoTests.xctest */ = {isa = PBXFileReference; explicitFileType = wrapper.cfbundle; includeInIndex = 0; path = DWeiBoTests.xctest; sourceTree = BUILT_PRODUCTS_DIR; };
		7EC1B6DC1DC1A5F400D39997 /* DWeiBoTests.swift */ = {isa = PBXFileReference; lastKnownFileType = sourcecode.swift; path = DWeiBoTests.swift; sourceTree = "<group>"; };
		7EC1B6DE1DC1A5F400D39997 /* Info.plist */ = {isa = PBXFileReference; lastKnownFileType = text.plist.xml; path = Info.plist; sourceTree = "<group>"; };
		7EC1B6E31DC1A5F400D39997 /* DWeiBoUITests.xctest */ = {isa = PBXFileReference; explicitFileType = wrapper.cfbundle; includeInIndex = 0; path = DWeiBoUITests.xctest; sourceTree = BUILT_PRODUCTS_DIR; };
		7EC1B6E71DC1A5F400D39997 /* DWeiBoUITests.swift */ = {isa = PBXFileReference; lastKnownFileType = sourcecode.swift; path = DWeiBoUITests.swift; sourceTree = "<group>"; };
		7EC1B6E91DC1A5F400D39997 /* Info.plist */ = {isa = PBXFileReference; lastKnownFileType = text.plist.xml; path = Info.plist; sourceTree = "<group>"; };
		7EC1B6FD1DC1A7EA00D39997 /* MainViewController.swift */ = {isa = PBXFileReference; fileEncoding = 4; lastKnownFileType = sourcecode.swift; path = MainViewController.swift; sourceTree = "<group>"; };
		7EC1B6FF1DC1A84100D39997 /* ProfileTableViewController.swift */ = {isa = PBXFileReference; fileEncoding = 4; lastKnownFileType = sourcecode.swift; path = ProfileTableViewController.swift; sourceTree = "<group>"; };
		7EC1B7011DC1A85300D39997 /* MessageTableViewController.swift */ = {isa = PBXFileReference; fileEncoding = 4; lastKnownFileType = sourcecode.swift; path = MessageTableViewController.swift; sourceTree = "<group>"; };
		7EC1B7031DC1A86100D39997 /* HomeTableViewController.swift */ = {isa = PBXFileReference; fileEncoding = 4; lastKnownFileType = sourcecode.swift; path = HomeTableViewController.swift; sourceTree = "<group>"; };
		7EC1B7051DC1A86B00D39997 /* DiscoverTableViewController.swift */ = {isa = PBXFileReference; fileEncoding = 4; lastKnownFileType = sourcecode.swift; path = DiscoverTableViewController.swift; sourceTree = "<group>"; };
		7EC1B7081DC1ACDC00D39997 /* NullViewController.swift */ = {isa = PBXFileReference; fileEncoding = 4; lastKnownFileType = sourcecode.swift; path = NullViewController.swift; sourceTree = "<group>"; };
		7EC1B70A1DC1AD0B00D39997 /* MainVCSetting.json */ = {isa = PBXFileReference; fileEncoding = 4; lastKnownFileType = text.json; path = MainVCSetting.json; sourceTree = "<group>"; };
		7ED8248E20A04C25001FE12D /* DWeibo-Bridge.h */ = {isa = PBXFileReference; fileEncoding = 4; lastKnownFileType = sourcecode.c.h; path = "DWeibo-Bridge.h"; sourceTree = "<group>"; };
		7ED8249020A04E75001FE12D /* OAuthViewController.swift */ = {isa = PBXFileReference; lastKnownFileType = sourcecode.swift; path = OAuthViewController.swift; sourceTree = "<group>"; };
		7ED8249220A055C1001FE12D /* NetworkTools.swift */ = {isa = PBXFileReference; lastKnownFileType = sourcecode.swift; path = NetworkTools.swift; sourceTree = "<group>"; };
		7ED8249420A05C29001FE12D /* UserAccount.swift */ = {isa = PBXFileReference; lastKnownFileType = sourcecode.swift; path = UserAccount.swift; sourceTree = "<group>"; };
		7EDA0D772092D75F009A8CEC /* UIBarButtonItem+Category.swift */ = {isa = PBXFileReference; lastKnownFileType = sourcecode.swift; path = "UIBarButtonItem+Category.swift"; sourceTree = "<group>"; };
		7EDC452E1DC8918A002F256D /* BaseViewController.swift */ = {isa = PBXFileReference; fileEncoding = 4; lastKnownFileType = sourcecode.swift; path = BaseViewController.swift; sourceTree = "<group>"; };
		7EDC45301DC89264002F256D /* VisitorView.swift */ = {isa = PBXFileReference; fileEncoding = 4; lastKnownFileType = sourcecode.swift; path = VisitorView.swift; sourceTree = "<group>"; };
		7EE02C0920AD76700058C4FB /* UIColor+Category.swift */ = {isa = PBXFileReference; lastKnownFileType = sourcecode.swift; path = "UIColor+Category.swift"; sourceTree = "<group>"; };
		7EF7AE8E20A53068004BB001 /* StatusTableViewCell.swift */ = {isa = PBXFileReference; fileEncoding = 4; lastKnownFileType = sourcecode.swift; path = StatusTableViewCell.swift; sourceTree = "<group>"; };
		7EF7AE8F20A53068004BB001 /* StatusCellBottomView.swift */ = {isa = PBXFileReference; fileEncoding = 4; lastKnownFileType = sourcecode.swift; path = StatusCellBottomView.swift; sourceTree = "<group>"; };
		7EF7AE9020A53068004BB001 /* StatusCellTopView.swift */ = {isa = PBXFileReference; fileEncoding = 4; lastKnownFileType = sourcecode.swift; path = StatusCellTopView.swift; sourceTree = "<group>"; };
		7EF7AE9120A53068004BB001 /* StatusCellPictureView.swift */ = {isa = PBXFileReference; fileEncoding = 4; lastKnownFileType = sourcecode.swift; path = StatusCellPictureView.swift; sourceTree = "<group>"; };
		7EF7AE9320A53068004BB001 /* User.swift */ = {isa = PBXFileReference; fileEncoding = 4; lastKnownFileType = sourcecode.swift; path = User.swift; sourceTree = "<group>"; };
		7EF7AE9420A53068004BB001 /* Status.swift */ = {isa = PBXFileReference; fileEncoding = 4; lastKnownFileType = sourcecode.swift; path = Status.swift; sourceTree = "<group>"; };
		7EF7AE9B20A5309A004BB001 /* StatusNormalTableViewCell.swift */ = {isa = PBXFileReference; lastKnownFileType = sourcecode.swift; path = StatusNormalTableViewCell.swift; sourceTree = "<group>"; };
		7EF7AE9D20A530BD004BB001 /* StatusForwardTableViewCell.swift */ = {isa = PBXFileReference; lastKnownFileType = sourcecode.swift; path = StatusForwardTableViewCell.swift; sourceTree = "<group>"; };
		7F7620D8C5FC37AAD0DD67FE /* Pods-DWeiBo.release.xcconfig */ = {isa = PBXFileReference; includeInIndex = 1; lastKnownFileType = text.xcconfig; name = "Pods-DWeiBo.release.xcconfig"; path = "Pods/Target Support Files/Pods-DWeiBo/Pods-DWeiBo.release.xcconfig"; sourceTree = "<group>"; };
/* End PBXFileReference section */

/* Begin PBXFrameworksBuildPhase section */
		7EC1B6C11DC1A5F400D39997 /* Frameworks */ = {
			isa = PBXFrameworksBuildPhase;
			buildActionMask = 2147483647;
			files = (
				666D135BBECA564A2D116B61 /* Pods_DWeiBo.framework in Frameworks */,
			);
			runOnlyForDeploymentPostprocessing = 0;
		};
		7EC1B6D51DC1A5F400D39997 /* Frameworks */ = {
			isa = PBXFrameworksBuildPhase;
			buildActionMask = 2147483647;
			files = (
			);
			runOnlyForDeploymentPostprocessing = 0;
		};
		7EC1B6E01DC1A5F400D39997 /* Frameworks */ = {
			isa = PBXFrameworksBuildPhase;
			buildActionMask = 2147483647;
			files = (
			);
			runOnlyForDeploymentPostprocessing = 0;
		};
/* End PBXFrameworksBuildPhase section */

/* Begin PBXGroup section */
		7E0D043A20A18569004B69F3 /* NewFeature */ = {
			isa = PBXGroup;
			children = (
				7E0D043B20A18582004B69F3 /* NewFeatureViewController.swift */,
				7E0D043D20A1A1A2004B69F3 /* WelcomViewController.swift */,
			);
			path = NewFeature;
			sourceTree = "<group>";
		};
		7E1CCEFB20A3E73000B2CC21 /* Gategory */ = {
			isa = PBXGroup;
			children = (
				7E1CCEFC20A3E73000B2CC21 /* UIView+AutoLayout.swift */,
				7E1CCEFD20A3E73000B2CC21 /* String+Category.swift */,
				7E1CCF0020A3E75900B2CC21 /* Date+Category.swift */,
				7EE02C0920AD76700058C4FB /* UIColor+Category.swift */,
			);
			path = Gategory;
			sourceTree = "<group>";
		};
		7E8EF5E220AC21D400F33A74 /* PhotoBrowser */ = {
			isa = PBXGroup;
			children = (
				7E8EF5E320AC220400F33A74 /* PhotoBrowserViewController.swift */,
				7E8EF5E520AC30B800F33A74 /* PhotoBrowserCell.swift */,
			);
			path = PhotoBrowser;
			sourceTree = "<group>";
		};
		7EC1B6BB1DC1A5F400D39997 = {
			isa = PBXGroup;
			children = (
				7EC1B6C61DC1A5F400D39997 /* DWeiBo */,
				7EC1B6DB1DC1A5F400D39997 /* DWeiBoTests */,
				7EC1B6E61DC1A5F400D39997 /* DWeiBoUITests */,
				7EC1B6C51DC1A5F400D39997 /* Products */,
				9E6A419CD622618F20374DAF /* Pods */,
				DF5401F66D62293595B3FD35 /* Frameworks */,
			);
			sourceTree = "<group>";
		};
		7EC1B6C51DC1A5F400D39997 /* Products */ = {
			isa = PBXGroup;
			children = (
				7EC1B6C41DC1A5F400D39997 /* DWeiBo.app */,
				7EC1B6D81DC1A5F400D39997 /* DWeiBoTests.xctest */,
				7EC1B6E31DC1A5F400D39997 /* DWeiBoUITests.xctest */,
			);
			name = Products;
			sourceTree = "<group>";
		};
		7EC1B6C61DC1A5F400D39997 /* DWeiBo */ = {
			isa = PBXGroup;
			children = (
				7EC1B6F51DC1A72200D39997 /* Classes */,
				7EC1B6C71DC1A5F400D39997 /* AppDelegate.swift */,
				7EC1B6C91DC1A5F400D39997 /* ViewController.swift */,
				7EC1B6CE1DC1A5F400D39997 /* Assets.xcassets */,
				7EC1B6D01DC1A5F400D39997 /* LaunchScreen.storyboard */,
				7ED8248E20A04C25001FE12D /* DWeibo-Bridge.h */,
				7EC1B6D31DC1A5F400D39997 /* Info.plist */,
			);
			path = DWeiBo;
			sourceTree = "<group>";
		};
		7EC1B6DB1DC1A5F400D39997 /* DWeiBoTests */ = {
			isa = PBXGroup;
			children = (
				7EC1B6DC1DC1A5F400D39997 /* DWeiBoTests.swift */,
				7EC1B6DE1DC1A5F400D39997 /* Info.plist */,
			);
			path = DWeiBoTests;
			sourceTree = "<group>";
		};
		7EC1B6E61DC1A5F400D39997 /* DWeiBoUITests */ = {
			isa = PBXGroup;
			children = (
				7EC1B6E71DC1A5F400D39997 /* DWeiBoUITests.swift */,
				7EC1B6E91DC1A5F400D39997 /* Info.plist */,
			);
			path = DWeiBoUITests;
			sourceTree = "<group>";
		};
		7EC1B6F51DC1A72200D39997 /* Classes */ = {
			isa = PBXGroup;
			children = (
				7E0D043A20A18569004B69F3 /* NewFeature */,
				7ED8248F20A04E48001FE12D /* OAuth */,
				7EC1B6F61DC1A72200D39997 /* Common */,
				7EC1B6F71DC1A72200D39997 /* Discover */,
				7EC1B6F81DC1A72200D39997 /* Home */,
				7EC1B6F91DC1A72200D39997 /* Main */,
				7EC1B6FA1DC1A72200D39997 /* Message */,
				7EC1B6FB1DC1A72200D39997 /* Profile */,
				7EC1B6FC1DC1A72200D39997 /* Tools */,
			);
			path = Classes;
			sourceTree = "<group>";
		};
		7EC1B6F61DC1A72200D39997 /* Common */ = {
			isa = PBXGroup;
			children = (
				7EDA0D712092D6CB009A8CEC /* Category */,
			);
			path = Common;
			sourceTree = "<group>";
		};
		7EC1B6F71DC1A72200D39997 /* Discover */ = {
			isa = PBXGroup;
			children = (
				7EC1B7051DC1A86B00D39997 /* DiscoverTableViewController.swift */,
			);
			path = Discover;
			sourceTree = "<group>";
		};
		7EC1B6F81DC1A72200D39997 /* Home */ = {
			isa = PBXGroup;
			children = (
				7E8EF5E220AC21D400F33A74 /* PhotoBrowser */,
				7EF7AE9F20A5724C004BB001 /* SubViews */,
				7EF7AE8D20A53068004BB001 /* Cell */,
				7EF7AE9220A53068004BB001 /* Model */,
				7EC1B7031DC1A86100D39997 /* HomeTableViewController.swift */,
			);
			path = Home;
			sourceTree = "<group>";
		};
		7EC1B6F91DC1A72200D39997 /* Main */ = {
			isa = PBXGroup;
			children = (
				7EC1B7071DC1ACC600D39997 /* Resources */,
				7EC1B6FD1DC1A7EA00D39997 /* MainViewController.swift */,
				7EDC452E1DC8918A002F256D /* BaseViewController.swift */,
				7EDC45301DC89264002F256D /* VisitorView.swift */,
			);
			path = Main;
			sourceTree = "<group>";
		};
		7EC1B6FA1DC1A72200D39997 /* Message */ = {
			isa = PBXGroup;
			children = (
				7EC1B7011DC1A85300D39997 /* MessageTableViewController.swift */,
			);
			path = Message;
			sourceTree = "<group>";
		};
		7EC1B6FB1DC1A72200D39997 /* Profile */ = {
			isa = PBXGroup;
			children = (
				7EC1B6FF1DC1A84100D39997 /* ProfileTableViewController.swift */,
			);
			path = Profile;
			sourceTree = "<group>";
		};
		7EC1B6FC1DC1A72200D39997 /* Tools */ = {
			isa = PBXGroup;
			children = (
				7E1CCEFB20A3E73000B2CC21 /* Gategory */,
				7ED8249220A055C1001FE12D /* NetworkTools.swift */,
			);
			path = Tools;
			sourceTree = "<group>";
		};
		7EC1B7071DC1ACC600D39997 /* Resources */ = {
			isa = PBXGroup;
			children = (
				7EC1B7081DC1ACDC00D39997 /* NullViewController.swift */,
				7EC1B70A1DC1AD0B00D39997 /* MainVCSetting.json */,
			);
			path = Resources;
			sourceTree = "<group>";
		};
		7ED8248F20A04E48001FE12D /* OAuth */ = {
			isa = PBXGroup;
			children = (
				7ED8249020A04E75001FE12D /* OAuthViewController.swift */,
				7ED8249420A05C29001FE12D /* UserAccount.swift */,
			);
			path = OAuth;
			sourceTree = "<group>";
		};
		7EDA0D712092D6CB009A8CEC /* Category */ = {
			isa = PBXGroup;
			children = (
				7EDA0D772092D75F009A8CEC /* UIBarButtonItem+Category.swift */,
				7E3FACCD20A2F3D7002E5317 /* UILabel+Category.swift */,
				7E3FACCF20A2F3E8002E5317 /* UIButton+Category.swift */,
			);
			path = Category;
			sourceTree = "<group>";
		};
		7EF7AE8D20A53068004BB001 /* Cell */ = {
			isa = PBXGroup;
			children = (
				7EF7AE8E20A53068004BB001 /* StatusTableViewCell.swift */,
				7EF7AE8F20A53068004BB001 /* StatusCellBottomView.swift */,
				7EF7AE9020A53068004BB001 /* StatusCellTopView.swift */,
				7EF7AE9120A53068004BB001 /* StatusCellPictureView.swift */,
				7EF7AE9B20A5309A004BB001 /* StatusNormalTableViewCell.swift */,
				7EF7AE9D20A530BD004BB001 /* StatusForwardTableViewCell.swift */,
			);
			path = Cell;
			sourceTree = "<group>";
		};
		7EF7AE9220A53068004BB001 /* Model */ = {
			isa = PBXGroup;
			children = (
				7EF7AE9320A53068004BB001 /* User.swift */,
				7EF7AE9420A53068004BB001 /* Status.swift */,
			);
			path = Model;
			sourceTree = "<group>";
		};
		7EF7AE9F20A5724C004BB001 /* SubViews */ = {
			isa = PBXGroup;
			children = (
			);
			path = SubViews;
			sourceTree = "<group>";
		};
		9E6A419CD622618F20374DAF /* Pods */ = {
			isa = PBXGroup;
			children = (
				1A23DBFD60DA5BF70604A33E /* Pods-DWeiBo.debug.xcconfig */,
				7F7620D8C5FC37AAD0DD67FE /* Pods-DWeiBo.release.xcconfig */,
			);
			name = Pods;
			sourceTree = "<group>";
		};
		DF5401F66D62293595B3FD35 /* Frameworks */ = {
			isa = PBXGroup;
			children = (
				0791998FA4302DCC0309F5CA /* Pods_DWeiBo.framework */,
				69F92004D276B664EB3AE838 /* Pods_DWeiBoTests.framework */,
				0BF49B965CA34AE533BC3AE1 /* Pods_DWeiBoUITests.framework */,
			);
			name = Frameworks;
			sourceTree = "<group>";
		};
/* End PBXGroup section */

/* Begin PBXNativeTarget section */
		7EC1B6C31DC1A5F400D39997 /* DWeiBo */ = {
			isa = PBXNativeTarget;
			buildConfigurationList = 7EC1B6EC1DC1A5F400D39997 /* Build configuration list for PBXNativeTarget "DWeiBo" */;
			buildPhases = (
				33F2C38CD16A73BDAC3D90EE /* [CP] Check Pods Manifest.lock */,
				9D32B207E65A26F369174015 /* 📦 Check Pods Manifest.lock */,
				7EC1B6C01DC1A5F400D39997 /* Sources */,
				7EC1B6C11DC1A5F400D39997 /* Frameworks */,
				7EC1B6C21DC1A5F400D39997 /* Resources */,
				1220A52341DEDFCE47237F84 /* 📦 Embed Pods Frameworks */,
				3C4C0C3F11CD84EC07FEA29B /* [CP] Embed Pods Frameworks */,
			);
			buildRules = (
			);
			dependencies = (
			);
			name = DWeiBo;
			productName = DWeiBo;
			productReference = 7EC1B6C41DC1A5F400D39997 /* DWeiBo.app */;
			productType = "com.apple.product-type.application";
		};
		7EC1B6D71DC1A5F400D39997 /* DWeiBoTests */ = {
			isa = PBXNativeTarget;
			buildConfigurationList = 7EC1B6EF1DC1A5F400D39997 /* Build configuration list for PBXNativeTarget "DWeiBoTests" */;
			buildPhases = (
				7EC1B6D41DC1A5F400D39997 /* Sources */,
				7EC1B6D51DC1A5F400D39997 /* Frameworks */,
				7EC1B6D61DC1A5F400D39997 /* Resources */,
			);
			buildRules = (
			);
			dependencies = (
				7EC1B6DA1DC1A5F400D39997 /* PBXTargetDependency */,
			);
			name = DWeiBoTests;
			productName = DWeiBoTests;
			productReference = 7EC1B6D81DC1A5F400D39997 /* DWeiBoTests.xctest */;
			productType = "com.apple.product-type.bundle.unit-test";
		};
		7EC1B6E21DC1A5F400D39997 /* DWeiBoUITests */ = {
			isa = PBXNativeTarget;
			buildConfigurationList = 7EC1B6F21DC1A5F400D39997 /* Build configuration list for PBXNativeTarget "DWeiBoUITests" */;
			buildPhases = (
				7EC1B6DF1DC1A5F400D39997 /* Sources */,
				7EC1B6E01DC1A5F400D39997 /* Frameworks */,
				7EC1B6E11DC1A5F400D39997 /* Resources */,
			);
			buildRules = (
			);
			dependencies = (
				7EC1B6E51DC1A5F400D39997 /* PBXTargetDependency */,
			);
			name = DWeiBoUITests;
			productName = DWeiBoUITests;
			productReference = 7EC1B6E31DC1A5F400D39997 /* DWeiBoUITests.xctest */;
			productType = "com.apple.product-type.bundle.ui-testing";
		};
/* End PBXNativeTarget section */

/* Begin PBXProject section */
		7EC1B6BC1DC1A5F400D39997 /* Project object */ = {
			isa = PBXProject;
			attributes = {
				LastSwiftUpdateCheck = 0800;
				LastUpgradeCheck = 0800;
				ORGANIZATIONNAME = DaiSuke;
				TargetAttributes = {
					7EC1B6C31DC1A5F400D39997 = {
						CreatedOnToolsVersion = 8.0;
						DevelopmentTeam = D54GZX79JD;
						ProvisioningStyle = Automatic;
					};
					7EC1B6D71DC1A5F400D39997 = {
						CreatedOnToolsVersion = 8.0;
						ProvisioningStyle = Automatic;
						TestTargetID = 7EC1B6C31DC1A5F400D39997;
					};
					7EC1B6E21DC1A5F400D39997 = {
						CreatedOnToolsVersion = 8.0;
						ProvisioningStyle = Automatic;
						TestTargetID = 7EC1B6C31DC1A5F400D39997;
					};
				};
			};
			buildConfigurationList = 7EC1B6BF1DC1A5F400D39997 /* Build configuration list for PBXProject "DWeiBo" */;
			compatibilityVersion = "Xcode 3.2";
			developmentRegion = English;
			hasScannedForEncodings = 0;
			knownRegions = (
				en,
				Base,
			);
			mainGroup = 7EC1B6BB1DC1A5F400D39997;
			productRefGroup = 7EC1B6C51DC1A5F400D39997 /* Products */;
			projectDirPath = "";
			projectRoot = "";
			targets = (
				7EC1B6C31DC1A5F400D39997 /* DWeiBo */,
				7EC1B6D71DC1A5F400D39997 /* DWeiBoTests */,
				7EC1B6E21DC1A5F400D39997 /* DWeiBoUITests */,
			);
		};
/* End PBXProject section */

/* Begin PBXResourcesBuildPhase section */
		7EC1B6C21DC1A5F400D39997 /* Resources */ = {
			isa = PBXResourcesBuildPhase;
			buildActionMask = 2147483647;
			files = (
				7EC1B6D21DC1A5F400D39997 /* LaunchScreen.storyboard in Resources */,
				7EC1B70B1DC1AD0B00D39997 /* MainVCSetting.json in Resources */,
				7EC1B6CF1DC1A5F400D39997 /* Assets.xcassets in Resources */,
			);
			runOnlyForDeploymentPostprocessing = 0;
		};
		7EC1B6D61DC1A5F400D39997 /* Resources */ = {
			isa = PBXResourcesBuildPhase;
			buildActionMask = 2147483647;
			files = (
			);
			runOnlyForDeploymentPostprocessing = 0;
		};
		7EC1B6E11DC1A5F400D39997 /* Resources */ = {
			isa = PBXResourcesBuildPhase;
			buildActionMask = 2147483647;
			files = (
			);
			runOnlyForDeploymentPostprocessing = 0;
		};
/* End PBXResourcesBuildPhase section */

/* Begin PBXShellScriptBuildPhase section */
		1220A52341DEDFCE47237F84 /* 📦 Embed Pods Frameworks */ = {
			isa = PBXShellScriptBuildPhase;
			buildActionMask = 2147483647;
			files = (
			);
			inputPaths = (
			);
			name = "📦 Embed Pods Frameworks";
			outputPaths = (
			);
			runOnlyForDeploymentPostprocessing = 0;
			shellPath = /bin/sh;
			shellScript = "\"${SRCROOT}/Pods/Target Support Files/Pods-DWeiBo/Pods-DWeiBo-frameworks.sh\"\n";
			showEnvVarsInLog = 0;
		};
		33F2C38CD16A73BDAC3D90EE /* [CP] Check Pods Manifest.lock */ = {
			isa = PBXShellScriptBuildPhase;
			buildActionMask = 2147483647;
			files = (
			);
			inputPaths = (
				"${PODS_PODFILE_DIR_PATH}/Podfile.lock",
				"${PODS_ROOT}/Manifest.lock",
			);
			name = "[CP] Check Pods Manifest.lock";
			outputPaths = (
				"$(DERIVED_FILE_DIR)/Pods-DWeiBo-checkManifestLockResult.txt",
			);
			runOnlyForDeploymentPostprocessing = 0;
			shellPath = /bin/sh;
			shellScript = "diff \"${PODS_PODFILE_DIR_PATH}/Podfile.lock\" \"${PODS_ROOT}/Manifest.lock\" > /dev/null\nif [ $? != 0 ] ; then\n    # print error to STDERR\n    echo \"error: The sandbox is not in sync with the Podfile.lock. Run 'pod install' or update your CocoaPods installation.\" >&2\n    exit 1\nfi\n# This output is used by Xcode 'outputs' to avoid re-running this script phase.\necho \"SUCCESS\" > \"${SCRIPT_OUTPUT_FILE_0}\"\n";
			showEnvVarsInLog = 0;
		};
		3C4C0C3F11CD84EC07FEA29B /* [CP] Embed Pods Frameworks */ = {
			isa = PBXShellScriptBuildPhase;
			buildActionMask = 2147483647;
			files = (
			);
			inputPaths = (
				"${SRCROOT}/Pods/Target Support Files/Pods-DWeiBo/Pods-DWeiBo-frameworks.sh",
				"${BUILT_PRODUCTS_DIR}/AFNetworking/AFNetworking.framework",
				"${BUILT_PRODUCTS_DIR}/MJRefresh/MJRefresh.framework",
				"${BUILT_PRODUCTS_DIR}/SDWebImage/SDWebImage.framework",
				"${BUILT_PRODUCTS_DIR}/SVProgressHUD/SVProgressHUD.framework",
			);
			name = "[CP] Embed Pods Frameworks";
			outputPaths = (
				"${TARGET_BUILD_DIR}/${FRAMEWORKS_FOLDER_PATH}/AFNetworking.framework",
				"${TARGET_BUILD_DIR}/${FRAMEWORKS_FOLDER_PATH}/MJRefresh.framework",
				"${TARGET_BUILD_DIR}/${FRAMEWORKS_FOLDER_PATH}/SDWebImage.framework",
				"${TARGET_BUILD_DIR}/${FRAMEWORKS_FOLDER_PATH}/SVProgressHUD.framework",
			);
			runOnlyForDeploymentPostprocessing = 0;
			shellPath = /bin/sh;
			shellScript = "\"${SRCROOT}/Pods/Target Support Files/Pods-DWeiBo/Pods-DWeiBo-frameworks.sh\"\n";
			showEnvVarsInLog = 0;
		};
		9D32B207E65A26F369174015 /* 📦 Check Pods Manifest.lock */ = {
			isa = PBXShellScriptBuildPhase;
			buildActionMask = 2147483647;
			files = (
			);
			inputPaths = (
			);
			name = "📦 Check Pods Manifest.lock";
			outputPaths = (
			);
			runOnlyForDeploymentPostprocessing = 0;
			shellPath = /bin/sh;
			shellScript = "diff \"${PODS_ROOT}/../Podfile.lock\" \"${PODS_ROOT}/Manifest.lock\" > /dev/null\nif [[ $? != 0 ]] ; then\n    cat << EOM\nerror: The sandbox is not in sync with the Podfile.lock. Run 'pod install' or update your CocoaPods installation.\nEOM\n    exit 1\nfi\n";
			showEnvVarsInLog = 0;
		};
/* End PBXShellScriptBuildPhase section */

/* Begin PBXSourcesBuildPhase section */
		7EC1B6C01DC1A5F400D39997 /* Sources */ = {
			isa = PBXSourcesBuildPhase;
			buildActionMask = 2147483647;
			files = (
				7ED8249320A055C1001FE12D /* NetworkTools.swift in Sources */,
				7EF7AE9720A53069004BB001 /* StatusCellTopView.swift in Sources */,
				7EC1B7061DC1A86B00D39997 /* DiscoverTableViewController.swift in Sources */,
				7EF7AE9920A53069004BB001 /* User.swift in Sources */,
				7EF7AE9520A53069004BB001 /* StatusTableViewCell.swift in Sources */,
				7E3FACCE20A2F3D7002E5317 /* UILabel+Category.swift in Sources */,
				7EF7AE9C20A5309A004BB001 /* StatusNormalTableViewCell.swift in Sources */,
				7EC1B7041DC1A86100D39997 /* HomeTableViewController.swift in Sources */,
				7E1CCF0120A3E75900B2CC21 /* Date+Category.swift in Sources */,
				7E0D043C20A18582004B69F3 /* NewFeatureViewController.swift in Sources */,
				7E1CCEFF20A3E73000B2CC21 /* String+Category.swift in Sources */,
				7EF7AE9820A53069004BB001 /* StatusCellPictureView.swift in Sources */,
				7EC1B6FE1DC1A7EA00D39997 /* MainViewController.swift in Sources */,
				7EC1B6CA1DC1A5F400D39997 /* ViewController.swift in Sources */,
				7EC1B7021DC1A85300D39997 /* MessageTableViewController.swift in Sources */,
				7EDC452F1DC8918A002F256D /* BaseViewController.swift in Sources */,
				7EC1B7091DC1ACDC00D39997 /* NullViewController.swift in Sources */,
				7EF7AE9E20A530BD004BB001 /* StatusForwardTableViewCell.swift in Sources */,
				7E1CCEFE20A3E73000B2CC21 /* UIView+AutoLayout.swift in Sources */,
				7EDC45311DC89264002F256D /* VisitorView.swift in Sources */,
				7EDA0D782092D75F009A8CEC /* UIBarButtonItem+Category.swift in Sources */,
				7EC1B7001DC1A84100D39997 /* ProfileTableViewController.swift in Sources */,
				7ED8249120A04E75001FE12D /* OAuthViewController.swift in Sources */,
				7EE02C0A20AD76700058C4FB /* UIColor+Category.swift in Sources */,
				7EF7AE9A20A53069004BB001 /* Status.swift in Sources */,
				7E8EF5E420AC220400F33A74 /* PhotoBrowserViewController.swift in Sources */,
				7E3FACD020A2F3E8002E5317 /* UIButton+Category.swift in Sources */,
				7EF7AE9620A53069004BB001 /* StatusCellBottomView.swift in Sources */,
				7EC1B6C81DC1A5F400D39997 /* AppDelegate.swift in Sources */,
				7E8EF5E620AC30B800F33A74 /* PhotoBrowserCell.swift in Sources */,
				7ED8249520A05C29001FE12D /* UserAccount.swift in Sources */,
				7E0D043E20A1A1A2004B69F3 /* WelcomViewController.swift in Sources */,
			);
			runOnlyForDeploymentPostprocessing = 0;
		};
		7EC1B6D41DC1A5F400D39997 /* Sources */ = {
			isa = PBXSourcesBuildPhase;
			buildActionMask = 2147483647;
			files = (
				7EC1B6DD1DC1A5F400D39997 /* DWeiBoTests.swift in Sources */,
			);
			runOnlyForDeploymentPostprocessing = 0;
		};
		7EC1B6DF1DC1A5F400D39997 /* Sources */ = {
			isa = PBXSourcesBuildPhase;
			buildActionMask = 2147483647;
			files = (
				7EC1B6E81DC1A5F400D39997 /* DWeiBoUITests.swift in Sources */,
			);
			runOnlyForDeploymentPostprocessing = 0;
		};
/* End PBXSourcesBuildPhase section */

/* Begin PBXTargetDependency section */
		7EC1B6DA1DC1A5F400D39997 /* PBXTargetDependency */ = {
			isa = PBXTargetDependency;
			target = 7EC1B6C31DC1A5F400D39997 /* DWeiBo */;
			targetProxy = 7EC1B6D91DC1A5F400D39997 /* PBXContainerItemProxy */;
		};
		7EC1B6E51DC1A5F400D39997 /* PBXTargetDependency */ = {
			isa = PBXTargetDependency;
			target = 7EC1B6C31DC1A5F400D39997 /* DWeiBo */;
			targetProxy = 7EC1B6E41DC1A5F400D39997 /* PBXContainerItemProxy */;
		};
/* End PBXTargetDependency section */

/* Begin PBXVariantGroup section */
		7EC1B6D01DC1A5F400D39997 /* LaunchScreen.storyboard */ = {
			isa = PBXVariantGroup;
			children = (
				7EC1B6D11DC1A5F400D39997 /* Base */,
			);
			name = LaunchScreen.storyboard;
			sourceTree = "<group>";
		};
/* End PBXVariantGroup section */

/* Begin XCBuildConfiguration section */
		7EC1B6EA1DC1A5F400D39997 /* Debug */ = {
			isa = XCBuildConfiguration;
			buildSettings = {
				ALWAYS_SEARCH_USER_PATHS = NO;
				CLANG_ANALYZER_NONNULL = YES;
				CLANG_CXX_LANGUAGE_STANDARD = "gnu++0x";
				CLANG_CXX_LIBRARY = "libc++";
				CLANG_ENABLE_MODULES = YES;
				CLANG_ENABLE_OBJC_ARC = YES;
				CLANG_WARN_BOOL_CONVERSION = YES;
				CLANG_WARN_CONSTANT_CONVERSION = YES;
				CLANG_WARN_DIRECT_OBJC_ISA_USAGE = YES_ERROR;
				CLANG_WARN_DOCUMENTATION_COMMENTS = YES;
				CLANG_WARN_EMPTY_BODY = YES;
				CLANG_WARN_ENUM_CONVERSION = YES;
				CLANG_WARN_INFINITE_RECURSION = YES;
				CLANG_WARN_INT_CONVERSION = YES;
				CLANG_WARN_OBJC_ROOT_CLASS = YES_ERROR;
				CLANG_WARN_SUSPICIOUS_MOVES = YES;
				CLANG_WARN_UNREACHABLE_CODE = YES;
				CLANG_WARN__DUPLICATE_METHOD_MATCH = YES;
				"CODE_SIGN_IDENTITY[sdk=iphoneos*]" = "iPhone Developer";
				COPY_PHASE_STRIP = NO;
				DEBUG_INFORMATION_FORMAT = dwarf;
				ENABLE_STRICT_OBJC_MSGSEND = YES;
				ENABLE_TESTABILITY = YES;
				GCC_C_LANGUAGE_STANDARD = gnu99;
				GCC_DYNAMIC_NO_PIC = NO;
				GCC_NO_COMMON_BLOCKS = YES;
				GCC_OPTIMIZATION_LEVEL = 0;
				GCC_PREPROCESSOR_DEFINITIONS = (
					"DEBUG=1",
					"$(inherited)",
				);
				GCC_WARN_64_TO_32_BIT_CONVERSION = YES;
				GCC_WARN_ABOUT_RETURN_TYPE = YES_ERROR;
				GCC_WARN_UNDECLARED_SELECTOR = YES;
				GCC_WARN_UNINITIALIZED_AUTOS = YES_AGGRESSIVE;
				GCC_WARN_UNUSED_FUNCTION = YES;
				GCC_WARN_UNUSED_VARIABLE = YES;
				IPHONEOS_DEPLOYMENT_TARGET = 10.0;
				MTL_ENABLE_DEBUG_INFO = YES;
				ONLY_ACTIVE_ARCH = YES;
				SDKROOT = iphoneos;
				SWIFT_ACTIVE_COMPILATION_CONDITIONS = DEBUG;
				SWIFT_OBJC_BRIDGING_HEADER = "";
				SWIFT_OPTIMIZATION_LEVEL = "-Onone";
			};
			name = Debug;
		};
		7EC1B6EB1DC1A5F400D39997 /* Release */ = {
			isa = XCBuildConfiguration;
			buildSettings = {
				ALWAYS_SEARCH_USER_PATHS = NO;
				CLANG_ANALYZER_NONNULL = YES;
				CLANG_CXX_LANGUAGE_STANDARD = "gnu++0x";
				CLANG_CXX_LIBRARY = "libc++";
				CLANG_ENABLE_MODULES = YES;
				CLANG_ENABLE_OBJC_ARC = YES;
				CLANG_WARN_BOOL_CONVERSION = YES;
				CLANG_WARN_CONSTANT_CONVERSION = YES;
				CLANG_WARN_DIRECT_OBJC_ISA_USAGE = YES_ERROR;
				CLANG_WARN_DOCUMENTATION_COMMENTS = YES;
				CLANG_WARN_EMPTY_BODY = YES;
				CLANG_WARN_ENUM_CONVERSION = YES;
				CLANG_WARN_INFINITE_RECURSION = YES;
				CLANG_WARN_INT_CONVERSION = YES;
				CLANG_WARN_OBJC_ROOT_CLASS = YES_ERROR;
				CLANG_WARN_SUSPICIOUS_MOVES = YES;
				CLANG_WARN_UNREACHABLE_CODE = YES;
				CLANG_WARN__DUPLICATE_METHOD_MATCH = YES;
				"CODE_SIGN_IDENTITY[sdk=iphoneos*]" = "iPhone Developer";
				COPY_PHASE_STRIP = NO;
				DEBUG_INFORMATION_FORMAT = "dwarf-with-dsym";
				ENABLE_NS_ASSERTIONS = NO;
				ENABLE_STRICT_OBJC_MSGSEND = YES;
				GCC_C_LANGUAGE_STANDARD = gnu99;
				GCC_NO_COMMON_BLOCKS = YES;
				GCC_WARN_64_TO_32_BIT_CONVERSION = YES;
				GCC_WARN_ABOUT_RETURN_TYPE = YES_ERROR;
				GCC_WARN_UNDECLARED_SELECTOR = YES;
				GCC_WARN_UNINITIALIZED_AUTOS = YES_AGGRESSIVE;
				GCC_WARN_UNUSED_FUNCTION = YES;
				GCC_WARN_UNUSED_VARIABLE = YES;
				IPHONEOS_DEPLOYMENT_TARGET = 10.0;
				MTL_ENABLE_DEBUG_INFO = NO;
				SDKROOT = iphoneos;
				SWIFT_OBJC_BRIDGING_HEADER = "";
				SWIFT_OPTIMIZATION_LEVEL = "-Owholemodule";
				VALIDATE_PRODUCT = YES;
			};
			name = Release;
		};
		7EC1B6ED1DC1A5F400D39997 /* Debug */ = {
			isa = XCBuildConfiguration;
			baseConfigurationReference = 1A23DBFD60DA5BF70604A33E /* Pods-DWeiBo.debug.xcconfig */;
			buildSettings = {
				ASSETCATALOG_COMPILER_APPICON_NAME = AppIcon;
				ASSETCATALOG_COMPILER_LAUNCHIMAGE_NAME = LaunchImage;
				DEVELOPMENT_TEAM = D54GZX79JD;
				INFOPLIST_FILE = DWeiBo/Info.plist;
				IPHONEOS_DEPLOYMENT_TARGET = 9.0;
				LD_RUNPATH_SEARCH_PATHS = "$(inherited) @executable_path/Frameworks";
				PRODUCT_BUNDLE_IDENTIFIER = com.DaiSuke.DWeiBo;
				PRODUCT_NAME = "$(TARGET_NAME)";
				SWIFT_OBJC_BRIDGING_HEADER = "/Users/DaiSuke/Desktop/MyGitHubProject/DWeiBo/DWeiBo/DWeibo-Bridge.h";
				SWIFT_VERSION = 3.0;
			};
			name = Debug;
		};
		7EC1B6EE1DC1A5F400D39997 /* Release */ = {
			isa = XCBuildConfiguration;
			baseConfigurationReference = 7F7620D8C5FC37AAD0DD67FE /* Pods-DWeiBo.release.xcconfig */;
			buildSettings = {
				ASSETCATALOG_COMPILER_APPICON_NAME = AppIcon;
				ASSETCATALOG_COMPILER_LAUNCHIMAGE_NAME = LaunchImage;
				DEVELOPMENT_TEAM = D54GZX79JD;
				INFOPLIST_FILE = DWeiBo/Info.plist;
				IPHONEOS_DEPLOYMENT_TARGET = 9.0;
				LD_RUNPATH_SEARCH_PATHS = "$(inherited) @executable_path/Frameworks";
				PRODUCT_BUNDLE_IDENTIFIER = com.DaiSuke.DWeiBo;
				PRODUCT_NAME = "$(TARGET_NAME)";
				SWIFT_OBJC_BRIDGING_HEADER = "/Users/DaiSuke/Desktop/MyGitHubProject/DWeiBo/DWeiBo/DWeibo-Bridge.h";
				SWIFT_VERSION = 3.0;
			};
			name = Release;
		};
		7EC1B6F01DC1A5F400D39997 /* Debug */ = {
			isa = XCBuildConfiguration;
			buildSettings = {
				ALWAYS_EMBED_SWIFT_STANDARD_LIBRARIES = YES;
				BUNDLE_LOADER = "$(TEST_HOST)";
				INFOPLIST_FILE = DWeiBoTests/Info.plist;
				LD_RUNPATH_SEARCH_PATHS = "$(inherited) @executable_path/Frameworks @loader_path/Frameworks";
				PRODUCT_BUNDLE_IDENTIFIER = com.DaiSuke.DWeiBoTests;
				PRODUCT_NAME = "$(TARGET_NAME)";
				SWIFT_VERSION = 3.0;
				TEST_HOST = "$(BUILT_PRODUCTS_DIR)/DWeiBo.app/DWeiBo";
			};
			name = Debug;
		};
		7EC1B6F11DC1A5F400D39997 /* Release */ = {
			isa = XCBuildConfiguration;
			buildSettings = {
				ALWAYS_EMBED_SWIFT_STANDARD_LIBRARIES = YES;
				BUNDLE_LOADER = "$(TEST_HOST)";
				INFOPLIST_FILE = DWeiBoTests/Info.plist;
				LD_RUNPATH_SEARCH_PATHS = "$(inherited) @executable_path/Frameworks @loader_path/Frameworks";
				PRODUCT_BUNDLE_IDENTIFIER = com.DaiSuke.DWeiBoTests;
				PRODUCT_NAME = "$(TARGET_NAME)";
				SWIFT_VERSION = 3.0;
				TEST_HOST = "$(BUILT_PRODUCTS_DIR)/DWeiBo.app/DWeiBo";
			};
			name = Release;
		};
		7EC1B6F31DC1A5F400D39997 /* Debug */ = {
			isa = XCBuildConfiguration;
			buildSettings = {
				ALWAYS_EMBED_SWIFT_STANDARD_LIBRARIES = YES;
				INFOPLIST_FILE = DWeiBoUITests/Info.plist;
				LD_RUNPATH_SEARCH_PATHS = "$(inherited) @executable_path/Frameworks @loader_path/Frameworks";
				PRODUCT_BUNDLE_IDENTIFIER = com.DaiSuke.DWeiBoUITests;
				PRODUCT_NAME = "$(TARGET_NAME)";
				SWIFT_OBJC_BRIDGING_HEADER = "DWeiBo/DWeibo-Bridge.h";
				SWIFT_VERSION = 3.0;
				TEST_TARGET_NAME = DWeiBo;
			};
			name = Debug;
		};
		7EC1B6F41DC1A5F400D39997 /* Release */ = {
			isa = XCBuildConfiguration;
			buildSettings = {
				ALWAYS_EMBED_SWIFT_STANDARD_LIBRARIES = YES;
				INFOPLIST_FILE = DWeiBoUITests/Info.plist;
				LD_RUNPATH_SEARCH_PATHS = "$(inherited) @executable_path/Frameworks @loader_path/Frameworks";
				PRODUCT_BUNDLE_IDENTIFIER = com.DaiSuke.DWeiBoUITests;
				PRODUCT_NAME = "$(TARGET_NAME)";
				SWIFT_OBJC_BRIDGING_HEADER = "DWeiBo/DWeibo-Bridge.h";
				SWIFT_VERSION = 3.0;
				TEST_TARGET_NAME = DWeiBo;
			};
			name = Release;
		};
/* End XCBuildConfiguration section */

/* Begin XCConfigurationList section */
		7EC1B6BF1DC1A5F400D39997 /* Build configuration list for PBXProject "DWeiBo" */ = {
			isa = XCConfigurationList;
			buildConfigurations = (
				7EC1B6EA1DC1A5F400D39997 /* Debug */,
				7EC1B6EB1DC1A5F400D39997 /* Release */,
			);
			defaultConfigurationIsVisible = 0;
			defaultConfigurationName = Release;
		};
		7EC1B6EC1DC1A5F400D39997 /* Build configuration list for PBXNativeTarget "DWeiBo" */ = {
			isa = XCConfigurationList;
			buildConfigurations = (
				7EC1B6ED1DC1A5F400D39997 /* Debug */,
				7EC1B6EE1DC1A5F400D39997 /* Release */,
			);
			defaultConfigurationIsVisible = 0;
			defaultConfigurationName = Release;
		};
		7EC1B6EF1DC1A5F400D39997 /* Build configuration list for PBXNativeTarget "DWeiBoTests" */ = {
			isa = XCConfigurationList;
			buildConfigurations = (
				7EC1B6F01DC1A5F400D39997 /* Debug */,
				7EC1B6F11DC1A5F400D39997 /* Release */,
			);
			defaultConfigurationIsVisible = 0;
			defaultConfigurationName = Release;
		};
		7EC1B6F21DC1A5F400D39997 /* Build configuration list for PBXNativeTarget "DWeiBoUITests" */ = {
			isa = XCConfigurationList;
			buildConfigurations = (
				7EC1B6F31DC1A5F400D39997 /* Debug */,
				7EC1B6F41DC1A5F400D39997 /* Release */,
			);
			defaultConfigurationIsVisible = 0;
			defaultConfigurationName = Release;
		};
/* End XCConfigurationList section */
	};
	rootObject = 7EC1B6BC1DC1A5F400D39997 /* Project object */;
}
